
Microsoft Visual Studio Solution File, Format Version 12.00
Project("{FAE04EC0-301F-11D3-BF4B-00C04F79EFBC}") = "Host.Cosmos.Crud", "Host.Cosmos.Crud.csproj", "{AB55D51D-F2FE-451F-B34B-1E7A536FD8B3}"
EndProject
Global
	GlobalSection(SolutionConfigurationPlatforms) = preSolution
		Debug|Any CPU = Debug|Any CPU
		Release|Any CPU = Release|Any CPU
	EndGlobalSection
	GlobalSection(ProjectConfigurationPlatforms) = postSolution
		{AB55D51D-F2FE-451F-B34B-1E7A536FD8B3}.Debug|Any CPU.ActiveCfg = Debug|Any CPU
		{AB55D51D-F2FE-451F-B34B-1E7A536FD8B3}.Debug|Any CPU.Build.0 = Debug|Any CPU
		{AB55D51D-F2FE-451F-B34B-1E7A536FD8B3}.Release|Any CPU.ActiveCfg = Release|Any CPU
		{AB55D51D-F2FE-451F-B34B-1E7A536FD8B3}.Release|Any CPU.Build.0 = Release|Any CPU
	EndGlobalSection
EndGlobal
